
Microsoft Visual Studio Solution File, Format Version 12.00
# Visual Studio 14
VisualStudioVersion = 14.0.25420.1
MinimumVisualStudioVersion = 10.0.40219.1
Project("{FAE04EC0-301F-11D3-BF4B-00C04F79EFBC}") = "HaircutWebApi", "HaircutWebApi\HaircutWebApi.csproj", "{BA289DF1-778A-40A4-933F-6F99894F4782}"
EndProject
Project("{FAE04EC0-301F-11D3-BF4B-00C04F79EFBC}") = "HaircutWebApi.Tests", "HaircutWebApi.Tests\HaircutWebApi.Tests.csproj", "{01917CE9-C9C3-4160-BA42-47B1C2A3A473}"
EndProject
Project("{FAE04EC0-301F-11D3-BF4B-00C04F79EFBC}") = "Haircut.Android", "Haircut.Android\Haircut.Android.csproj", "{4BA25AE1-EDA4-4691-8224-ED5272EDB9D4}"
EndProject
Project("{FAE04EC0-301F-11D3-BF4B-00C04F79EFBC}") = "Haircut.XF", "Haircut.XF\Haircut.XF\Haircut.XF.csproj", "{AA1D04F4-6C46-440A-8DC3-24FF9FB213A6}"
EndProject
Project("{FAE04EC0-301F-11D3-BF4B-00C04F79EFBC}") = "Haircut.XF.Droid", "Haircut.XF\Haircut.XF.Droid\Haircut.XF.Droid.csproj", "{2A626170-6A18-4B23-8FE5-106C0C751C4C}"
EndProject
Project("{FAE04EC0-301F-11D3-BF4B-00C04F79EFBC}") = "Haircut.XF.iOS", "Haircut.XF\Haircut.XF.iOS\Haircut.XF.iOS.csproj", "{9C559AC3-35E5-49DC-BF76-0CDEBC0A4568}"
EndProject
Global
	GlobalSection(SolutionConfigurationPlatforms) = preSolution
		Ad-Hoc|Any CPU = Ad-Hoc|Any CPU
		Ad-Hoc|iPhone = Ad-Hoc|iPhone
		Ad-Hoc|iPhoneSimulator = Ad-Hoc|iPhoneSimulator
		AppStore|Any CPU = AppStore|Any CPU
		AppStore|iPhone = AppStore|iPhone
		AppStore|iPhoneSimulator = AppStore|iPhoneSimulator
		Debug|Any CPU = Debug|Any CPU
		Debug|iPhone = Debug|iPhone
		Debug|iPhoneSimulator = Debug|iPhoneSimulator
		Release|Any CPU = Release|Any CPU
		Release|iPhone = Release|iPhone
		Release|iPhoneSimulator = Release|iPhoneSimulator
	EndGlobalSection
	GlobalSection(ProjectConfigurationPlatforms) = postSolution
		{BA289DF1-778A-40A4-933F-6F99894F4782}.Ad-Hoc|Any CPU.ActiveCfg = Release|Any CPU
		{BA289DF1-778A-40A4-933F-6F99894F4782}.Ad-Hoc|Any CPU.Build.0 = Release|Any CPU
		{BA289DF1-778A-40A4-933F-6F99894F4782}.Ad-Hoc|iPhone.ActiveCfg = Release|Any CPU
		{BA289DF1-778A-40A4-933F-6F99894F4782}.Ad-Hoc|iPhone.Build.0 = Release|Any CPU
		{BA289DF1-778A-40A4-933F-6F99894F4782}.Ad-Hoc|iPhoneSimulator.ActiveCfg = Release|Any CPU
		{BA289DF1-778A-40A4-933F-6F99894F4782}.Ad-Hoc|iPhoneSimulator.Build.0 = Release|Any CPU
		{BA289DF1-778A-40A4-933F-6F99894F4782}.AppStore|Any CPU.ActiveCfg = Release|Any CPU
		{BA289DF1-778A-40A4-933F-6F99894F4782}.AppStore|Any CPU.Build.0 = Release|Any CPU
		{BA289DF1-778A-40A4-933F-6F99894F4782}.AppStore|iPhone.ActiveCfg = Release|Any CPU
		{BA289DF1-778A-40A4-933F-6F99894F4782}.AppStore|iPhone.Build.0 = Release|Any CPU
		{BA289DF1-778A-40A4-933F-6F99894F4782}.AppStore|iPhoneSimulator.ActiveCfg = Release|Any CPU
		{BA289DF1-778A-40A4-933F-6F99894F4782}.AppStore|iPhoneSimulator.Build.0 = Release|Any CPU
		{BA289DF1-778A-40A4-933F-6F99894F4782}.Debug|Any CPU.ActiveCfg = Debug|Any CPU
		{BA289DF1-778A-40A4-933F-6F99894F4782}.Debug|Any CPU.Build.0 = Debug|Any CPU
		{BA289DF1-778A-40A4-933F-6F99894F4782}.Debug|iPhone.ActiveCfg = Debug|Any CPU
		{BA289DF1-778A-40A4-933F-6F99894F4782}.Debug|iPhone.Build.0 = Debug|Any CPU
		{BA289DF1-778A-40A4-933F-6F99894F4782}.Debug|iPhoneSimulator.ActiveCfg = Debug|Any CPU
		{BA289DF1-778A-40A4-933F-6F99894F4782}.Debug|iPhoneSimulator.Build.0 = Debug|Any CPU
		{BA289DF1-778A-40A4-933F-6F99894F4782}.Release|Any CPU.ActiveCfg = Release|Any CPU
		{BA289DF1-778A-40A4-933F-6F99894F4782}.Release|Any CPU.Build.0 = Release|Any CPU
		{BA289DF1-778A-40A4-933F-6F99894F4782}.Release|iPhone.ActiveCfg = Release|Any CPU
		{BA289DF1-778A-40A4-933F-6F99894F4782}.Release|iPhone.Build.0 = Release|Any CPU
		{BA289DF1-778A-40A4-933F-6F99894F4782}.Release|iPhoneSimulator.ActiveCfg = Release|Any CPU
		{BA289DF1-778A-40A4-933F-6F99894F4782}.Release|iPhoneSimulator.Build.0 = Release|Any CPU
		{01917CE9-C9C3-4160-BA42-47B1C2A3A473}.Ad-Hoc|Any CPU.ActiveCfg = Release|Any CPU
		{01917CE9-C9C3-4160-BA42-47B1C2A3A473}.Ad-Hoc|Any CPU.Build.0 = Release|Any CPU
		{01917CE9-C9C3-4160-BA42-47B1C2A3A473}.Ad-Hoc|iPhone.ActiveCfg = Release|Any CPU
		{01917CE9-C9C3-4160-BA42-47B1C2A3A473}.Ad-Hoc|iPhone.Build.0 = Release|Any CPU
		{01917CE9-C9C3-4160-BA42-47B1C2A3A473}.Ad-Hoc|iPhoneSimulator.ActiveCfg = Release|Any CPU
		{01917CE9-C9C3-4160-BA42-47B1C2A3A473}.Ad-Hoc|iPhoneSimulator.Build.0 = Release|Any CPU
		{01917CE9-C9C3-4160-BA42-47B1C2A3A473}.AppStore|Any CPU.ActiveCfg = Release|Any CPU
		{01917CE9-C9C3-4160-BA42-47B1C2A3A473}.AppStore|Any CPU.Build.0 = Release|Any CPU
		{01917CE9-C9C3-4160-BA42-47B1C2A3A473}.AppStore|iPhone.ActiveCfg = Release|Any CPU
		{01917CE9-C9C3-4160-BA42-47B1C2A3A473}.AppStore|iPhone.Build.0 = Release|Any CPU
		{01917CE9-C9C3-4160-BA42-47B1C2A3A473}.AppStore|iPhoneSimulator.ActiveCfg = Release|Any CPU
		{01917CE9-C9C3-4160-BA42-47B1C2A3A473}.AppStore|iPhoneSimulator.Build.0 = Release|Any CPU
		{01917CE9-C9C3-4160-BA42-47B1C2A3A473}.Debug|Any CPU.ActiveCfg = Debug|Any CPU
		{01917CE9-C9C3-4160-BA42-47B1C2A3A473}.Debug|Any CPU.Build.0 = Debug|Any CPU
		{01917CE9-C9C3-4160-BA42-47B1C2A3A473}.Debug|iPhone.ActiveCfg = Debug|Any CPU
		{01917CE9-C9C3-4160-BA42-47B1C2A3A473}.Debug|iPhone.Build.0 = Debug|Any CPU
		{01917CE9-C9C3-4160-BA42-47B1C2A3A473}.Debug|iPhoneSimulator.ActiveCfg = Debug|Any CPU
		{01917CE9-C9C3-4160-BA42-47B1C2A3A473}.Debug|iPhoneSimulator.Build.0 = Debug|Any CPU
		{01917CE9-C9C3-4160-BA42-47B1C2A3A473}.Release|Any CPU.ActiveCfg = Release|Any CPU
		{01917CE9-C9C3-4160-BA42-47B1C2A3A473}.Release|Any CPU.Build.0 = Release|Any CPU
		{01917CE9-C9C3-4160-BA42-47B1C2A3A473}.Release|iPhone.ActiveCfg = Release|Any CPU
		{01917CE9-C9C3-4160-BA42-47B1C2A3A473}.Release|iPhone.Build.0 = Release|Any CPU
		{01917CE9-C9C3-4160-BA42-47B1C2A3A473}.Release|iPhoneSimulator.ActiveCfg = Release|Any CPU
		{01917CE9-C9C3-4160-BA42-47B1C2A3A473}.Release|iPhoneSimulator.Build.0 = Release|Any CPU
		{4BA25AE1-EDA4-4691-8224-ED5272EDB9D4}.Ad-Hoc|Any CPU.ActiveCfg = Release|Any CPU
		{4BA25AE1-EDA4-4691-8224-ED5272EDB9D4}.Ad-Hoc|Any CPU.Build.0 = Release|Any CPU
		{4BA25AE1-EDA4-4691-8224-ED5272EDB9D4}.Ad-Hoc|Any CPU.Deploy.0 = Release|Any CPU
		{4BA25AE1-EDA4-4691-8224-ED5272EDB9D4}.Ad-Hoc|iPhone.ActiveCfg = Release|Any CPU
		{4BA25AE1-EDA4-4691-8224-ED5272EDB9D4}.Ad-Hoc|iPhone.Build.0 = Release|Any CPU
		{4BA25AE1-EDA4-4691-8224-ED5272EDB9D4}.Ad-Hoc|iPhone.Deploy.0 = Release|Any CPU
		{4BA25AE1-EDA4-4691-8224-ED5272EDB9D4}.Ad-Hoc|iPhoneSimulator.ActiveCfg = Release|Any CPU
		{4BA25AE1-EDA4-4691-8224-ED5272EDB9D4}.Ad-Hoc|iPhoneSimulator.Build.0 = Release|Any CPU
		{4BA25AE1-EDA4-4691-8224-ED5272EDB9D4}.Ad-Hoc|iPhoneSimulator.Deploy.0 = Release|Any CPU
		{4BA25AE1-EDA4-4691-8224-ED5272EDB9D4}.AppStore|Any CPU.ActiveCfg = Release|Any CPU
		{4BA25AE1-EDA4-4691-8224-ED5272EDB9D4}.AppStore|Any CPU.Build.0 = Release|Any CPU
		{4BA25AE1-EDA4-4691-8224-ED5272EDB9D4}.AppStore|Any CPU.Deploy.0 = Release|Any CPU
		{4BA25AE1-EDA4-4691-8224-ED5272EDB9D4}.AppStore|iPhone.ActiveCfg = Release|Any CPU
		{4BA25AE1-EDA4-4691-8224-ED5272EDB9D4}.AppStore|iPhone.Build.0 = Release|Any CPU
		{4BA25AE1-EDA4-4691-8224-ED5272EDB9D4}.AppStore|iPhone.Deploy.0 = Release|Any CPU
		{4BA25AE1-EDA4-4691-8224-ED5272EDB9D4}.AppStore|iPhoneSimulator.ActiveCfg = Release|Any CPU
		{4BA25AE1-EDA4-4691-8224-ED5272EDB9D4}.AppStore|iPhoneSimulator.Build.0 = Release|Any CPU
		{4BA25AE1-EDA4-4691-8224-ED5272EDB9D4}.AppStore|iPhoneSimulator.Deploy.0 = Release|Any CPU
		{4BA25AE1-EDA4-4691-8224-ED5272EDB9D4}.Debug|Any CPU.ActiveCfg = Debug|Any CPU
		{4BA25AE1-EDA4-4691-8224-ED5272EDB9D4}.Debug|Any CPU.Build.0 = Debug|Any CPU
		{4BA25AE1-EDA4-4691-8224-ED5272EDB9D4}.Debug|Any CPU.Deploy.0 = Debug|Any CPU
		{4BA25AE1-EDA4-4691-8224-ED5272EDB9D4}.Debug|iPhone.ActiveCfg = Debug|Any CPU
		{4BA25AE1-EDA4-4691-8224-ED5272EDB9D4}.Debug|iPhone.Build.0 = Debug|Any CPU
		{4BA25AE1-EDA4-4691-8224-ED5272EDB9D4}.Debug|iPhone.Deploy.0 = Debug|Any CPU
		{4BA25AE1-EDA4-4691-8224-ED5272EDB9D4}.Debug|iPhoneSimulator.ActiveCfg = Debug|Any CPU
		{4BA25AE1-EDA4-4691-8224-ED5272EDB9D4}.Debug|iPhoneSimulator.Build.0 = Debug|Any CPU
		{4BA25AE1-EDA4-4691-8224-ED5272EDB9D4}.Debug|iPhoneSimulator.Deploy.0 = Debug|Any CPU
		{4BA25AE1-EDA4-4691-8224-ED5272EDB9D4}.Release|Any CPU.ActiveCfg = Release|Any CPU
		{4BA25AE1-EDA4-4691-8224-ED5272EDB9D4}.Release|Any CPU.Build.0 = Release|Any CPU
		{4BA25AE1-EDA4-4691-8224-ED5272EDB9D4}.Release|Any CPU.Deploy.0 = Release|Any CPU
		{4BA25AE1-EDA4-4691-8224-ED5272EDB9D4}.Release|iPhone.ActiveCfg = Release|Any CPU
		{4BA25AE1-EDA4-4691-8224-ED5272EDB9D4}.Release|iPhone.Build.0 = Release|Any CPU
		{4BA25AE1-EDA4-4691-8224-ED5272EDB9D4}.Release|iPhone.Deploy.0 = Release|Any CPU
		{4BA25AE1-EDA4-4691-8224-ED5272EDB9D4}.Release|iPhoneSimulator.ActiveCfg = Release|Any CPU
		{4BA25AE1-EDA4-4691-8224-ED5272EDB9D4}.Release|iPhoneSimulator.Build.0 = Release|Any CPU
		{4BA25AE1-EDA4-4691-8224-ED5272EDB9D4}.Release|iPhoneSimulator.Deploy.0 = Release|Any CPU
		{AA1D04F4-6C46-440A-8DC3-24FF9FB213A6}.Ad-Hoc|Any CPU.ActiveCfg = Release|Any CPU
		{AA1D04F4-6C46-440A-8DC3-24FF9FB213A6}.Ad-Hoc|Any CPU.Build.0 = Release|Any CPU
		{AA1D04F4-6C46-440A-8DC3-24FF9FB213A6}.Ad-Hoc|iPhone.ActiveCfg = Release|Any CPU
		{AA1D04F4-6C46-440A-8DC3-24FF9FB213A6}.Ad-Hoc|iPhone.Build.0 = Release|Any CPU
		{AA1D04F4-6C46-440A-8DC3-24FF9FB213A6}.Ad-Hoc|iPhoneSimulator.ActiveCfg = Release|Any CPU
		{AA1D04F4-6C46-440A-8DC3-24FF9FB213A6}.Ad-Hoc|iPhoneSimulator.Build.0 = Release|Any CPU
		{AA1D04F4-6C46-440A-8DC3-24FF9FB213A6}.AppStore|Any CPU.ActiveCfg = Release|Any CPU
		{AA1D04F4-6C46-440A-8DC3-24FF9FB213A6}.AppStore|Any CPU.Build.0 = Release|Any CPU
		{AA1D04F4-6C46-440A-8DC3-24FF9FB213A6}.AppStore|iPhone.ActiveCfg = Release|Any CPU
		{AA1D04F4-6C46-440A-8DC3-24FF9FB213A6}.AppStore|iPhone.Build.0 = Release|Any CPU
		{AA1D04F4-6C46-440A-8DC3-24FF9FB213A6}.AppStore|iPhoneSimulator.ActiveCfg = Release|Any CPU
		{AA1D04F4-6C46-440A-8DC3-24FF9FB213A6}.AppStore|iPhoneSimulator.Build.0 = Release|Any CPU
		{AA1D04F4-6C46-440A-8DC3-24FF9FB213A6}.Debug|Any CPU.ActiveCfg = Debug|Any CPU
		{AA1D04F4-6C46-440A-8DC3-24FF9FB213A6}.Debug|Any CPU.Build.0 = Debug|Any CPU
		{AA1D04F4-6C46-440A-8DC3-24FF9FB213A6}.Debug|iPhone.ActiveCfg = Debug|Any CPU
		{AA1D04F4-6C46-440A-8DC3-24FF9FB213A6}.Debug|iPhone.Build.0 = Debug|Any CPU
		{AA1D04F4-6C46-440A-8DC3-24FF9FB213A6}.Debug|iPhoneSimulator.ActiveCfg = Debug|Any CPU
		{AA1D04F4-6C46-440A-8DC3-24FF9FB213A6}.Debug|iPhoneSimulator.Build.0 = Debug|Any CPU
		{AA1D04F4-6C46-440A-8DC3-24FF9FB213A6}.Release|Any CPU.ActiveCfg = Release|Any CPU
		{AA1D04F4-6C46-440A-8DC3-24FF9FB213A6}.Release|Any CPU.Build.0 = Release|Any CPU
		{AA1D04F4-6C46-440A-8DC3-24FF9FB213A6}.Release|iPhone.ActiveCfg = Release|Any CPU
		{AA1D04F4-6C46-440A-8DC3-24FF9FB213A6}.Release|iPhone.Build.0 = Release|Any CPU
		{AA1D04F4-6C46-440A-8DC3-24FF9FB213A6}.Release|iPhoneSimulator.ActiveCfg = Release|Any CPU
		{AA1D04F4-6C46-440A-8DC3-24FF9FB213A6}.Release|iPhoneSimulator.Build.0 = Release|Any CPU
		{2A626170-6A18-4B23-8FE5-106C0C751C4C}.Ad-Hoc|Any CPU.ActiveCfg = Release|Any CPU
		{2A626170-6A18-4B23-8FE5-106C0C751C4C}.Ad-Hoc|Any CPU.Build.0 = Release|Any CPU
		{2A626170-6A18-4B23-8FE5-106C0C751C4C}.Ad-Hoc|Any CPU.Deploy.0 = Release|Any CPU
		{2A626170-6A18-4B23-8FE5-106C0C751C4C}.Ad-Hoc|iPhone.ActiveCfg = Release|Any CPU
		{2A626170-6A18-4B23-8FE5-106C0C751C4C}.Ad-Hoc|iPhone.Build.0 = Release|Any CPU
		{2A626170-6A18-4B23-8FE5-106C0C751C4C}.Ad-Hoc|iPhone.Deploy.0 = Release|Any CPU
		{2A626170-6A18-4B23-8FE5-106C0C751C4C}.Ad-Hoc|iPhoneSimulator.ActiveCfg = Release|Any CPU
		{2A626170-6A18-4B23-8FE5-106C0C751C4C}.Ad-Hoc|iPhoneSimulator.Build.0 = Release|Any CPU
		{2A626170-6A18-4B23-8FE5-106C0C751C4C}.Ad-Hoc|iPhoneSimulator.Deploy.0 = Release|Any CPU
		{2A626170-6A18-4B23-8FE5-106C0C751C4C}.AppStore|Any CPU.ActiveCfg = Release|Any CPU
		{2A626170-6A18-4B23-8FE5-106C0C751C4C}.AppStore|Any CPU.Build.0 = Release|Any CPU
		{2A626170-6A18-4B23-8FE5-106C0C751C4C}.AppStore|Any CPU.Deploy.0 = Release|Any CPU
		{2A626170-6A18-4B23-8FE5-106C0C751C4C}.AppStore|iPhone.ActiveCfg = Release|Any CPU
		{2A626170-6A18-4B23-8FE5-106C0C751C4C}.AppStore|iPhone.Build.0 = Release|Any CPU
		{2A626170-6A18-4B23-8FE5-106C0C751C4C}.AppStore|iPhone.Deploy.0 = Release|Any CPU
		{2A626170-6A18-4B23-8FE5-106C0C751C4C}.AppStore|iPhoneSimulator.ActiveCfg = Release|Any CPU
		{2A626170-6A18-4B23-8FE5-106C0C751C4C}.AppStore|iPhoneSimulator.Build.0 = Release|Any CPU
		{2A626170-6A18-4B23-8FE5-106C0C751C4C}.AppStore|iPhoneSimulator.Deploy.0 = Release|Any CPU
		{2A626170-6A18-4B23-8FE5-106C0C751C4C}.Debug|Any CPU.ActiveCfg = Debug|Any CPU
		{2A626170-6A18-4B23-8FE5-106C0C751C4C}.Debug|Any CPU.Build.0 = Debug|Any CPU
		{2A626170-6A18-4B23-8FE5-106C0C751C4C}.Debug|Any CPU.Deploy.0 = Debug|Any CPU
		{2A626170-6A18-4B23-8FE5-106C0C751C4C}.Debug|iPhone.ActiveCfg = Debug|Any CPU
		{2A626170-6A18-4B23-8FE5-106C0C751C4C}.Debug|iPhone.Build.0 = Debug|Any CPU
		{2A626170-6A18-4B23-8FE5-106C0C751C4C}.Debug|iPhone.Deploy.0 = Debug|Any CPU
		{2A626170-6A18-4B23-8FE5-106C0C751C4C}.Debug|iPhoneSimulator.ActiveCfg = Debug|Any CPU
		{2A626170-6A18-4B23-8FE5-106C0C751C4C}.Debug|iPhoneSimulator.Build.0 = Debug|Any CPU
		{2A626170-6A18-4B23-8FE5-106C0C751C4C}.Debug|iPhoneSimulator.Deploy.0 = Debug|Any CPU
		{2A626170-6A18-4B23-8FE5-106C0C751C4C}.Release|Any CPU.ActiveCfg = Release|Any CPU
		{2A626170-6A18-4B23-8FE5-106C0C751C4C}.Release|Any CPU.Build.0 = Release|Any CPU
		{2A626170-6A18-4B23-8FE5-106C0C751C4C}.Release|Any CPU.Deploy.0 = Release|Any CPU
		{2A626170-6A18-4B23-8FE5-106C0C751C4C}.Release|iPhone.ActiveCfg = Release|Any CPU
		{2A626170-6A18-4B23-8FE5-106C0C751C4C}.Release|iPhone.Build.0 = Release|Any CPU
		{2A626170-6A18-4B23-8FE5-106C0C751C4C}.Release|iPhone.Deploy.0 = Release|Any CPU
		{2A626170-6A18-4B23-8FE5-106C0C751C4C}.Release|iPhoneSimulator.ActiveCfg = Release|Any CPU
		{2A626170-6A18-4B23-8FE5-106C0C751C4C}.Release|iPhoneSimulator.Build.0 = Release|Any CPU
		{2A626170-6A18-4B23-8FE5-106C0C751C4C}.Release|iPhoneSimulator.Deploy.0 = Release|Any CPU
		{9C559AC3-35E5-49DC-BF76-0CDEBC0A4568}.Ad-Hoc|Any CPU.ActiveCfg = Ad-Hoc|iPhone
		{9C559AC3-35E5-49DC-BF76-0CDEBC0A4568}.Ad-Hoc|iPhone.ActiveCfg = Ad-Hoc|iPhone
		{9C559AC3-35E5-49DC-BF76-0CDEBC0A4568}.Ad-Hoc|iPhone.Build.0 = Ad-Hoc|iPhone
		{9C559AC3-35E5-49DC-BF76-0CDEBC0A4568}.Ad-Hoc|iPhoneSimulator.ActiveCfg = Ad-Hoc|iPhoneSimulator
		{9C559AC3-35E5-49DC-BF76-0CDEBC0A4568}.Ad-Hoc|iPhoneSimulator.Build.0 = Ad-Hoc|iPhoneSimulator
		{9C559AC3-35E5-49DC-BF76-0CDEBC0A4568}.AppStore|Any CPU.ActiveCfg = AppStore|iPhone
		{9C559AC3-35E5-49DC-BF76-0CDEBC0A4568}.AppStore|iPhone.ActiveCfg = AppStore|iPhone
		{9C559AC3-35E5-49DC-BF76-0CDEBC0A4568}.AppStore|iPhone.Build.0 = AppStore|iPhone
		{9C559AC3-35E5-49DC-BF76-0CDEBC0A4568}.AppStore|iPhoneSimulator.ActiveCfg = AppStore|iPhoneSimulator
		{9C559AC3-35E5-49DC-BF76-0CDEBC0A4568}.AppStore|iPhoneSimulator.Build.0 = AppStore|iPhoneSimulator
		{9C559AC3-35E5-49DC-BF76-0CDEBC0A4568}.Debug|Any CPU.ActiveCfg = Debug|iPhone
		{9C559AC3-35E5-49DC-BF76-0CDEBC0A4568}.Debug|iPhone.ActiveCfg = Debug|iPhone
		{9C559AC3-35E5-49DC-BF76-0CDEBC0A4568}.Debug|iPhone.Build.0 = Debug|iPhone
		{9C559AC3-35E5-49DC-BF76-0CDEBC0A4568}.Debug|iPhoneSimulator.ActiveCfg = Debug|iPhoneSimulator
		{9C559AC3-35E5-49DC-BF76-0CDEBC0A4568}.Debug|iPhoneSimulator.Build.0 = Debug|iPhoneSimulator
		{9C559AC3-35E5-49DC-BF76-0CDEBC0A4568}.Release|Any CPU.ActiveCfg = Release|iPhone
		{9C559AC3-35E5-49DC-BF76-0CDEBC0A4568}.Release|iPhone.ActiveCfg = Release|iPhone
		{9C559AC3-35E5-49DC-BF76-0CDEBC0A4568}.Release|iPhone.Build.0 = Release|iPhone
		{9C559AC3-35E5-49DC-BF76-0CDEBC0A4568}.Release|iPhoneSimulator.ActiveCfg = Release|iPhoneSimulator
		{9C559AC3-35E5-49DC-BF76-0CDEBC0A4568}.Release|iPhoneSimulator.Build.0 = Release|iPhoneSimulator
	EndGlobalSection
	GlobalSection(SolutionProperties) = preSolution
		HideSolutionNode = FALSE
	EndGlobalSection
EndGlobal
