
Microsoft Visual Studio Solution File, Format Version 12.00
# Visual Studio 14
VisualStudioVersion = 14.0.25420.1
MinimumVisualStudioVersion = 10.0.40219.1
Project("{FAE04EC0-301F-11D3-BF4B-00C04F79EFBC}") = "HaircutWebApi", "HaircutWebApi\HaircutWebApi.csproj", "{BA289DF1-778A-40A4-933F-6F99894F4782}"
EndProject
Project("{FAE04EC0-301F-11D3-BF4B-00C04F79EFBC}") = "HaircutWebApi.Tests", "HaircutWebApi.Tests\HaircutWebApi.Tests.csproj", "{01917CE9-C9C3-4160-BA42-47B1C2A3A473}"
EndProject
Project("{FAE04EC0-301F-11D3-BF4B-00C04F79EFBC}") = "Haircut.Droid", "Haircut.Android\Haircut.Droid.csproj", "{4BA25AE1-EDA4-4691-8224-ED5272EDB9D4}"
EndProject
Project("{FAE04EC0-301F-11D3-BF4B-00C04F79EFBC}") = "Haircut.XF", "Haircut.XF\Haircut.XF\Haircut.XF.csproj", "{AA1D04F4-6C46-440A-8DC3-24FF9FB213A6}"
EndProject
Project("{FAE04EC0-301F-11D3-BF4B-00C04F79EFBC}") = "Haircut.XF.Droid", "Haircut.XF\Haircut.XF.Droid\Haircut.XF.Droid.csproj", "{2A626170-6A18-4B23-8FE5-106C0C751C4C}"
EndProject
Project("{FAE04EC0-301F-11D3-BF4B-00C04F79EFBC}") = "Haircut.XF.iOS", "Haircut.XF\Haircut.XF.iOS\Haircut.XF.iOS.csproj", "{9C559AC3-35E5-49DC-BF76-0CDEBC0A4568}"
EndProject
Project("{FAE04EC0-301F-11D3-BF4B-00C04F79EFBC}") = "Haircut.Database", "Haircut.Database\Haircut.Database.csproj", "{F646F4E2-879C-449D-9CE2-598515C07B58}"
EndProject
Project("{FAE04EC0-301F-11D3-BF4B-00C04F79EFBC}") = "Haircut.Model", "Haircut.Model\Haircut.Model.csproj", "{4E446E64-7D33-4D65-9156-D2ADE891E98D}"
EndProject
Project("{FAE04EC0-301F-11D3-BF4B-00C04F79EFBC}") = "Haircut.Core", "Haircut.Core\Haircut.Core.csproj", "{0C44C4B6-57E5-4306-AEE2-2EDD0FCB9224}"
EndProject
Global
	GlobalSection(SolutionConfigurationPlatforms) = preSolution
		Ad-Hoc|Any CPU = Ad-Hoc|Any CPU
		Ad-Hoc|iPhone = Ad-Hoc|iPhone
		Ad-Hoc|iPhoneSimulator = Ad-Hoc|iPhoneSimulator
		Ad-Hoc|x86 = Ad-Hoc|x86
		AppStore|Any CPU = AppStore|Any CPU
		AppStore|iPhone = AppStore|iPhone
		AppStore|iPhoneSimulator = AppStore|iPhoneSimulator
		AppStore|x86 = AppStore|x86
		Debug|Any CPU = Debug|Any CPU
		Debug|iPhone = Debug|iPhone
		Debug|iPhoneSimulator = Debug|iPhoneSimulator
		Debug|x86 = Debug|x86
		Release|Any CPU = Release|Any CPU
		Release|iPhone = Release|iPhone
		Release|iPhoneSimulator = Release|iPhoneSimulator
		Release|x86 = Release|x86
	EndGlobalSection
	GlobalSection(ProjectConfigurationPlatforms) = postSolution
		{BA289DF1-778A-40A4-933F-6F99894F4782}.Ad-Hoc|Any CPU.ActiveCfg = Release|Any CPU
		{BA289DF1-778A-40A4-933F-6F99894F4782}.Ad-Hoc|Any CPU.Build.0 = Release|Any CPU
		{BA289DF1-778A-40A4-933F-6F99894F4782}.Ad-Hoc|iPhone.ActiveCfg = Release|Any CPU
		{BA289DF1-778A-40A4-933F-6F99894F4782}.Ad-Hoc|iPhone.Build.0 = Release|Any CPU
		{BA289DF1-778A-40A4-933F-6F99894F4782}.Ad-Hoc|iPhoneSimulator.ActiveCfg = Release|Any CPU
		{BA289DF1-778A-40A4-933F-6F99894F4782}.Ad-Hoc|iPhoneSimulator.Build.0 = Release|Any CPU
		{BA289DF1-778A-40A4-933F-6F99894F4782}.Ad-Hoc|x86.ActiveCfg = Debug|Any CPU
		{BA289DF1-778A-40A4-933F-6F99894F4782}.Ad-Hoc|x86.Build.0 = Debug|Any CPU
		{BA289DF1-778A-40A4-933F-6F99894F4782}.AppStore|Any CPU.ActiveCfg = Release|Any CPU
		{BA289DF1-778A-40A4-933F-6F99894F4782}.AppStore|Any CPU.Build.0 = Release|Any CPU
		{BA289DF1-778A-40A4-933F-6F99894F4782}.AppStore|iPhone.ActiveCfg = Release|Any CPU
		{BA289DF1-778A-40A4-933F-6F99894F4782}.AppStore|iPhone.Build.0 = Release|Any CPU
		{BA289DF1-778A-40A4-933F-6F99894F4782}.AppStore|iPhoneSimulator.ActiveCfg = Release|Any CPU
		{BA289DF1-778A-40A4-933F-6F99894F4782}.AppStore|iPhoneSimulator.Build.0 = Release|Any CPU
		{BA289DF1-778A-40A4-933F-6F99894F4782}.AppStore|x86.ActiveCfg = Debug|Any CPU
		{BA289DF1-778A-40A4-933F-6F99894F4782}.AppStore|x86.Build.0 = Debug|Any CPU
		{BA289DF1-778A-40A4-933F-6F99894F4782}.Debug|Any CPU.ActiveCfg = Debug|Any CPU
		{BA289DF1-778A-40A4-933F-6F99894F4782}.Debug|Any CPU.Build.0 = Debug|Any CPU
		{BA289DF1-778A-40A4-933F-6F99894F4782}.Debug|iPhone.ActiveCfg = Debug|Any CPU
		{BA289DF1-778A-40A4-933F-6F99894F4782}.Debug|iPhone.Build.0 = Debug|Any CPU
		{BA289DF1-778A-40A4-933F-6F99894F4782}.Debug|iPhoneSimulator.ActiveCfg = Debug|Any CPU
		{BA289DF1-778A-40A4-933F-6F99894F4782}.Debug|iPhoneSimulator.Build.0 = Debug|Any CPU
		{BA289DF1-778A-40A4-933F-6F99894F4782}.Debug|x86.ActiveCfg = Debug|Any CPU
		{BA289DF1-778A-40A4-933F-6F99894F4782}.Debug|x86.Build.0 = Debug|Any CPU
		{BA289DF1-778A-40A4-933F-6F99894F4782}.Release|Any CPU.ActiveCfg = Release|Any CPU
		{BA289DF1-778A-40A4-933F-6F99894F4782}.Release|Any CPU.Build.0 = Release|Any CPU
		{BA289DF1-778A-40A4-933F-6F99894F4782}.Release|iPhone.ActiveCfg = Release|Any CPU
		{BA289DF1-778A-40A4-933F-6F99894F4782}.Release|iPhone.Build.0 = Release|Any CPU
		{BA289DF1-778A-40A4-933F-6F99894F4782}.Release|iPhoneSimulator.ActiveCfg = Release|Any CPU
		{BA289DF1-778A-40A4-933F-6F99894F4782}.Release|iPhoneSimulator.Build.0 = Release|Any CPU
		{BA289DF1-778A-40A4-933F-6F99894F4782}.Release|x86.ActiveCfg = Release|Any CPU
		{BA289DF1-778A-40A4-933F-6F99894F4782}.Release|x86.Build.0 = Release|Any CPU
		{01917CE9-C9C3-4160-BA42-47B1C2A3A473}.Ad-Hoc|Any CPU.ActiveCfg = Release|Any CPU
		{01917CE9-C9C3-4160-BA42-47B1C2A3A473}.Ad-Hoc|Any CPU.Build.0 = Release|Any CPU
		{01917CE9-C9C3-4160-BA42-47B1C2A3A473}.Ad-Hoc|iPhone.ActiveCfg = Release|Any CPU
		{01917CE9-C9C3-4160-BA42-47B1C2A3A473}.Ad-Hoc|iPhone.Build.0 = Release|Any CPU
		{01917CE9-C9C3-4160-BA42-47B1C2A3A473}.Ad-Hoc|iPhoneSimulator.ActiveCfg = Release|Any CPU
		{01917CE9-C9C3-4160-BA42-47B1C2A3A473}.Ad-Hoc|iPhoneSimulator.Build.0 = Release|Any CPU
		{01917CE9-C9C3-4160-BA42-47B1C2A3A473}.Ad-Hoc|x86.ActiveCfg = Debug|Any CPU
		{01917CE9-C9C3-4160-BA42-47B1C2A3A473}.Ad-Hoc|x86.Build.0 = Debug|Any CPU
		{01917CE9-C9C3-4160-BA42-47B1C2A3A473}.AppStore|Any CPU.ActiveCfg = Release|Any CPU
		{01917CE9-C9C3-4160-BA42-47B1C2A3A473}.AppStore|Any CPU.Build.0 = Release|Any CPU
		{01917CE9-C9C3-4160-BA42-47B1C2A3A473}.AppStore|iPhone.ActiveCfg = Release|Any CPU
		{01917CE9-C9C3-4160-BA42-47B1C2A3A473}.AppStore|iPhone.Build.0 = Release|Any CPU
		{01917CE9-C9C3-4160-BA42-47B1C2A3A473}.AppStore|iPhoneSimulator.ActiveCfg = Release|Any CPU
		{01917CE9-C9C3-4160-BA42-47B1C2A3A473}.AppStore|iPhoneSimulator.Build.0 = Release|Any CPU
		{01917CE9-C9C3-4160-BA42-47B1C2A3A473}.AppStore|x86.ActiveCfg = Debug|Any CPU
		{01917CE9-C9C3-4160-BA42-47B1C2A3A473}.AppStore|x86.Build.0 = Debug|Any CPU
		{01917CE9-C9C3-4160-BA42-47B1C2A3A473}.Debug|Any CPU.ActiveCfg = Debug|Any CPU
		{01917CE9-C9C3-4160-BA42-47B1C2A3A473}.Debug|Any CPU.Build.0 = Debug|Any CPU
		{01917CE9-C9C3-4160-BA42-47B1C2A3A473}.Debug|iPhone.ActiveCfg = Debug|Any CPU
		{01917CE9-C9C3-4160-BA42-47B1C2A3A473}.Debug|iPhone.Build.0 = Debug|Any CPU
		{01917CE9-C9C3-4160-BA42-47B1C2A3A473}.Debug|iPhoneSimulator.ActiveCfg = Debug|Any CPU
		{01917CE9-C9C3-4160-BA42-47B1C2A3A473}.Debug|iPhoneSimulator.Build.0 = Debug|Any CPU
		{01917CE9-C9C3-4160-BA42-47B1C2A3A473}.Debug|x86.ActiveCfg = Debug|Any CPU
		{01917CE9-C9C3-4160-BA42-47B1C2A3A473}.Debug|x86.Build.0 = Debug|Any CPU
		{01917CE9-C9C3-4160-BA42-47B1C2A3A473}.Release|Any CPU.ActiveCfg = Release|Any CPU
		{01917CE9-C9C3-4160-BA42-47B1C2A3A473}.Release|Any CPU.Build.0 = Release|Any CPU
		{01917CE9-C9C3-4160-BA42-47B1C2A3A473}.Release|iPhone.ActiveCfg = Release|Any CPU
		{01917CE9-C9C3-4160-BA42-47B1C2A3A473}.Release|iPhone.Build.0 = Release|Any CPU
		{01917CE9-C9C3-4160-BA42-47B1C2A3A473}.Release|iPhoneSimulator.ActiveCfg = Release|Any CPU
		{01917CE9-C9C3-4160-BA42-47B1C2A3A473}.Release|iPhoneSimulator.Build.0 = Release|Any CPU
		{01917CE9-C9C3-4160-BA42-47B1C2A3A473}.Release|x86.ActiveCfg = Release|Any CPU
		{01917CE9-C9C3-4160-BA42-47B1C2A3A473}.Release|x86.Build.0 = Release|Any CPU
		{4BA25AE1-EDA4-4691-8224-ED5272EDB9D4}.Ad-Hoc|Any CPU.ActiveCfg = Release|Any CPU
		{4BA25AE1-EDA4-4691-8224-ED5272EDB9D4}.Ad-Hoc|Any CPU.Build.0 = Release|Any CPU
		{4BA25AE1-EDA4-4691-8224-ED5272EDB9D4}.Ad-Hoc|Any CPU.Deploy.0 = Release|Any CPU
		{4BA25AE1-EDA4-4691-8224-ED5272EDB9D4}.Ad-Hoc|iPhone.ActiveCfg = Release|Any CPU
		{4BA25AE1-EDA4-4691-8224-ED5272EDB9D4}.Ad-Hoc|iPhone.Build.0 = Release|Any CPU
		{4BA25AE1-EDA4-4691-8224-ED5272EDB9D4}.Ad-Hoc|iPhone.Deploy.0 = Release|Any CPU
		{4BA25AE1-EDA4-4691-8224-ED5272EDB9D4}.Ad-Hoc|iPhoneSimulator.ActiveCfg = Release|Any CPU
		{4BA25AE1-EDA4-4691-8224-ED5272EDB9D4}.Ad-Hoc|iPhoneSimulator.Build.0 = Release|Any CPU
		{4BA25AE1-EDA4-4691-8224-ED5272EDB9D4}.Ad-Hoc|iPhoneSimulator.Deploy.0 = Release|Any CPU
		{4BA25AE1-EDA4-4691-8224-ED5272EDB9D4}.Ad-Hoc|x86.ActiveCfg = Debug|Any CPU
		{4BA25AE1-EDA4-4691-8224-ED5272EDB9D4}.Ad-Hoc|x86.Build.0 = Debug|Any CPU
		{4BA25AE1-EDA4-4691-8224-ED5272EDB9D4}.Ad-Hoc|x86.Deploy.0 = Debug|Any CPU
		{4BA25AE1-EDA4-4691-8224-ED5272EDB9D4}.AppStore|Any CPU.ActiveCfg = Release|Any CPU
		{4BA25AE1-EDA4-4691-8224-ED5272EDB9D4}.AppStore|Any CPU.Build.0 = Release|Any CPU
		{4BA25AE1-EDA4-4691-8224-ED5272EDB9D4}.AppStore|Any CPU.Deploy.0 = Release|Any CPU
		{4BA25AE1-EDA4-4691-8224-ED5272EDB9D4}.AppStore|iPhone.ActiveCfg = Release|Any CPU
		{4BA25AE1-EDA4-4691-8224-ED5272EDB9D4}.AppStore|iPhone.Build.0 = Release|Any CPU
		{4BA25AE1-EDA4-4691-8224-ED5272EDB9D4}.AppStore|iPhone.Deploy.0 = Release|Any CPU
		{4BA25AE1-EDA4-4691-8224-ED5272EDB9D4}.AppStore|iPhoneSimulator.ActiveCfg = Release|Any CPU
		{4BA25AE1-EDA4-4691-8224-ED5272EDB9D4}.AppStore|iPhoneSimulator.Build.0 = Release|Any CPU
		{4BA25AE1-EDA4-4691-8224-ED5272EDB9D4}.AppStore|iPhoneSimulator.Deploy.0 = Release|Any CPU
		{4BA25AE1-EDA4-4691-8224-ED5272EDB9D4}.AppStore|x86.ActiveCfg = Debug|Any CPU
		{4BA25AE1-EDA4-4691-8224-ED5272EDB9D4}.AppStore|x86.Build.0 = Debug|Any CPU
		{4BA25AE1-EDA4-4691-8224-ED5272EDB9D4}.AppStore|x86.Deploy.0 = Debug|Any CPU
		{4BA25AE1-EDA4-4691-8224-ED5272EDB9D4}.Debug|Any CPU.ActiveCfg = Debug|Any CPU
		{4BA25AE1-EDA4-4691-8224-ED5272EDB9D4}.Debug|Any CPU.Build.0 = Debug|Any CPU
		{4BA25AE1-EDA4-4691-8224-ED5272EDB9D4}.Debug|Any CPU.Deploy.0 = Debug|Any CPU
		{4BA25AE1-EDA4-4691-8224-ED5272EDB9D4}.Debug|iPhone.ActiveCfg = Debug|Any CPU
		{4BA25AE1-EDA4-4691-8224-ED5272EDB9D4}.Debug|iPhone.Build.0 = Debug|Any CPU
		{4BA25AE1-EDA4-4691-8224-ED5272EDB9D4}.Debug|iPhone.Deploy.0 = Debug|Any CPU
		{4BA25AE1-EDA4-4691-8224-ED5272EDB9D4}.Debug|iPhoneSimulator.ActiveCfg = Debug|Any CPU
		{4BA25AE1-EDA4-4691-8224-ED5272EDB9D4}.Debug|iPhoneSimulator.Build.0 = Debug|Any CPU
		{4BA25AE1-EDA4-4691-8224-ED5272EDB9D4}.Debug|iPhoneSimulator.Deploy.0 = Debug|Any CPU
		{4BA25AE1-EDA4-4691-8224-ED5272EDB9D4}.Debug|x86.ActiveCfg = Debug|Any CPU
		{4BA25AE1-EDA4-4691-8224-ED5272EDB9D4}.Debug|x86.Build.0 = Debug|Any CPU
		{4BA25AE1-EDA4-4691-8224-ED5272EDB9D4}.Debug|x86.Deploy.0 = Debug|Any CPU
		{4BA25AE1-EDA4-4691-8224-ED5272EDB9D4}.Release|Any CPU.ActiveCfg = Release|Any CPU
		{4BA25AE1-EDA4-4691-8224-ED5272EDB9D4}.Release|Any CPU.Build.0 = Release|Any CPU
		{4BA25AE1-EDA4-4691-8224-ED5272EDB9D4}.Release|Any CPU.Deploy.0 = Release|Any CPU
		{4BA25AE1-EDA4-4691-8224-ED5272EDB9D4}.Release|iPhone.ActiveCfg = Release|Any CPU
		{4BA25AE1-EDA4-4691-8224-ED5272EDB9D4}.Release|iPhone.Build.0 = Release|Any CPU
		{4BA25AE1-EDA4-4691-8224-ED5272EDB9D4}.Release|iPhone.Deploy.0 = Release|Any CPU
		{4BA25AE1-EDA4-4691-8224-ED5272EDB9D4}.Release|iPhoneSimulator.ActiveCfg = Release|Any CPU
		{4BA25AE1-EDA4-4691-8224-ED5272EDB9D4}.Release|iPhoneSimulator.Build.0 = Release|Any CPU
		{4BA25AE1-EDA4-4691-8224-ED5272EDB9D4}.Release|iPhoneSimulator.Deploy.0 = Release|Any CPU
		{4BA25AE1-EDA4-4691-8224-ED5272EDB9D4}.Release|x86.ActiveCfg = Release|Any CPU
		{4BA25AE1-EDA4-4691-8224-ED5272EDB9D4}.Release|x86.Build.0 = Release|Any CPU
		{4BA25AE1-EDA4-4691-8224-ED5272EDB9D4}.Release|x86.Deploy.0 = Release|Any CPU
		{AA1D04F4-6C46-440A-8DC3-24FF9FB213A6}.Ad-Hoc|Any CPU.ActiveCfg = Release|Any CPU
		{AA1D04F4-6C46-440A-8DC3-24FF9FB213A6}.Ad-Hoc|Any CPU.Build.0 = Release|Any CPU
		{AA1D04F4-6C46-440A-8DC3-24FF9FB213A6}.Ad-Hoc|iPhone.ActiveCfg = Release|Any CPU
		{AA1D04F4-6C46-440A-8DC3-24FF9FB213A6}.Ad-Hoc|iPhone.Build.0 = Release|Any CPU
		{AA1D04F4-6C46-440A-8DC3-24FF9FB213A6}.Ad-Hoc|iPhoneSimulator.ActiveCfg = Release|Any CPU
		{AA1D04F4-6C46-440A-8DC3-24FF9FB213A6}.Ad-Hoc|iPhoneSimulator.Build.0 = Release|Any CPU
		{AA1D04F4-6C46-440A-8DC3-24FF9FB213A6}.Ad-Hoc|x86.ActiveCfg = Debug|Any CPU
		{AA1D04F4-6C46-440A-8DC3-24FF9FB213A6}.Ad-Hoc|x86.Build.0 = Debug|Any CPU
		{AA1D04F4-6C46-440A-8DC3-24FF9FB213A6}.AppStore|Any CPU.ActiveCfg = Release|Any CPU
		{AA1D04F4-6C46-440A-8DC3-24FF9FB213A6}.AppStore|Any CPU.Build.0 = Release|Any CPU
		{AA1D04F4-6C46-440A-8DC3-24FF9FB213A6}.AppStore|iPhone.ActiveCfg = Release|Any CPU
		{AA1D04F4-6C46-440A-8DC3-24FF9FB213A6}.AppStore|iPhone.Build.0 = Release|Any CPU
		{AA1D04F4-6C46-440A-8DC3-24FF9FB213A6}.AppStore|iPhoneSimulator.ActiveCfg = Release|Any CPU
		{AA1D04F4-6C46-440A-8DC3-24FF9FB213A6}.AppStore|iPhoneSimulator.Build.0 = Release|Any CPU
		{AA1D04F4-6C46-440A-8DC3-24FF9FB213A6}.AppStore|x86.ActiveCfg = Debug|Any CPU
		{AA1D04F4-6C46-440A-8DC3-24FF9FB213A6}.AppStore|x86.Build.0 = Debug|Any CPU
		{AA1D04F4-6C46-440A-8DC3-24FF9FB213A6}.Debug|Any CPU.ActiveCfg = Debug|Any CPU
		{AA1D04F4-6C46-440A-8DC3-24FF9FB213A6}.Debug|Any CPU.Build.0 = Debug|Any CPU
		{AA1D04F4-6C46-440A-8DC3-24FF9FB213A6}.Debug|iPhone.ActiveCfg = Debug|Any CPU
		{AA1D04F4-6C46-440A-8DC3-24FF9FB213A6}.Debug|iPhone.Build.0 = Debug|Any CPU
		{AA1D04F4-6C46-440A-8DC3-24FF9FB213A6}.Debug|iPhoneSimulator.ActiveCfg = Debug|Any CPU
		{AA1D04F4-6C46-440A-8DC3-24FF9FB213A6}.Debug|iPhoneSimulator.Build.0 = Debug|Any CPU
		{AA1D04F4-6C46-440A-8DC3-24FF9FB213A6}.Debug|x86.ActiveCfg = Debug|Any CPU
		{AA1D04F4-6C46-440A-8DC3-24FF9FB213A6}.Debug|x86.Build.0 = Debug|Any CPU
		{AA1D04F4-6C46-440A-8DC3-24FF9FB213A6}.Release|Any CPU.ActiveCfg = Release|Any CPU
		{AA1D04F4-6C46-440A-8DC3-24FF9FB213A6}.Release|Any CPU.Build.0 = Release|Any CPU
		{AA1D04F4-6C46-440A-8DC3-24FF9FB213A6}.Release|iPhone.ActiveCfg = Release|Any CPU
		{AA1D04F4-6C46-440A-8DC3-24FF9FB213A6}.Release|iPhone.Build.0 = Release|Any CPU
		{AA1D04F4-6C46-440A-8DC3-24FF9FB213A6}.Release|iPhoneSimulator.ActiveCfg = Release|Any CPU
		{AA1D04F4-6C46-440A-8DC3-24FF9FB213A6}.Release|iPhoneSimulator.Build.0 = Release|Any CPU
		{AA1D04F4-6C46-440A-8DC3-24FF9FB213A6}.Release|x86.ActiveCfg = Release|Any CPU
		{AA1D04F4-6C46-440A-8DC3-24FF9FB213A6}.Release|x86.Build.0 = Release|Any CPU
		{2A626170-6A18-4B23-8FE5-106C0C751C4C}.Ad-Hoc|Any CPU.ActiveCfg = Release|Any CPU
		{2A626170-6A18-4B23-8FE5-106C0C751C4C}.Ad-Hoc|Any CPU.Build.0 = Release|Any CPU
		{2A626170-6A18-4B23-8FE5-106C0C751C4C}.Ad-Hoc|Any CPU.Deploy.0 = Release|Any CPU
		{2A626170-6A18-4B23-8FE5-106C0C751C4C}.Ad-Hoc|iPhone.ActiveCfg = Release|Any CPU
		{2A626170-6A18-4B23-8FE5-106C0C751C4C}.Ad-Hoc|iPhone.Build.0 = Release|Any CPU
		{2A626170-6A18-4B23-8FE5-106C0C751C4C}.Ad-Hoc|iPhone.Deploy.0 = Release|Any CPU
		{2A626170-6A18-4B23-8FE5-106C0C751C4C}.Ad-Hoc|iPhoneSimulator.ActiveCfg = Release|Any CPU
		{2A626170-6A18-4B23-8FE5-106C0C751C4C}.Ad-Hoc|iPhoneSimulator.Build.0 = Release|Any CPU
		{2A626170-6A18-4B23-8FE5-106C0C751C4C}.Ad-Hoc|iPhoneSimulator.Deploy.0 = Release|Any CPU
		{2A626170-6A18-4B23-8FE5-106C0C751C4C}.Ad-Hoc|x86.ActiveCfg = Debug|Any CPU
		{2A626170-6A18-4B23-8FE5-106C0C751C4C}.Ad-Hoc|x86.Build.0 = Debug|Any CPU
		{2A626170-6A18-4B23-8FE5-106C0C751C4C}.Ad-Hoc|x86.Deploy.0 = Debug|Any CPU
		{2A626170-6A18-4B23-8FE5-106C0C751C4C}.AppStore|Any CPU.ActiveCfg = Release|Any CPU
		{2A626170-6A18-4B23-8FE5-106C0C751C4C}.AppStore|Any CPU.Build.0 = Release|Any CPU
		{2A626170-6A18-4B23-8FE5-106C0C751C4C}.AppStore|Any CPU.Deploy.0 = Release|Any CPU
		{2A626170-6A18-4B23-8FE5-106C0C751C4C}.AppStore|iPhone.ActiveCfg = Release|Any CPU
		{2A626170-6A18-4B23-8FE5-106C0C751C4C}.AppStore|iPhone.Build.0 = Release|Any CPU
		{2A626170-6A18-4B23-8FE5-106C0C751C4C}.AppStore|iPhone.Deploy.0 = Release|Any CPU
		{2A626170-6A18-4B23-8FE5-106C0C751C4C}.AppStore|iPhoneSimulator.ActiveCfg = Release|Any CPU
		{2A626170-6A18-4B23-8FE5-106C0C751C4C}.AppStore|iPhoneSimulator.Build.0 = Release|Any CPU
		{2A626170-6A18-4B23-8FE5-106C0C751C4C}.AppStore|iPhoneSimulator.Deploy.0 = Release|Any CPU
		{2A626170-6A18-4B23-8FE5-106C0C751C4C}.AppStore|x86.ActiveCfg = Debug|Any CPU
		{2A626170-6A18-4B23-8FE5-106C0C751C4C}.AppStore|x86.Build.0 = Debug|Any CPU
		{2A626170-6A18-4B23-8FE5-106C0C751C4C}.AppStore|x86.Deploy.0 = Debug|Any CPU
		{2A626170-6A18-4B23-8FE5-106C0C751C4C}.Debug|Any CPU.ActiveCfg = Debug|Any CPU
		{2A626170-6A18-4B23-8FE5-106C0C751C4C}.Debug|Any CPU.Build.0 = Debug|Any CPU
		{2A626170-6A18-4B23-8FE5-106C0C751C4C}.Debug|Any CPU.Deploy.0 = Debug|Any CPU
		{2A626170-6A18-4B23-8FE5-106C0C751C4C}.Debug|iPhone.ActiveCfg = Debug|Any CPU
		{2A626170-6A18-4B23-8FE5-106C0C751C4C}.Debug|iPhone.Build.0 = Debug|Any CPU
		{2A626170-6A18-4B23-8FE5-106C0C751C4C}.Debug|iPhone.Deploy.0 = Debug|Any CPU
		{2A626170-6A18-4B23-8FE5-106C0C751C4C}.Debug|iPhoneSimulator.ActiveCfg = Debug|Any CPU
		{2A626170-6A18-4B23-8FE5-106C0C751C4C}.Debug|iPhoneSimulator.Build.0 = Debug|Any CPU
		{2A626170-6A18-4B23-8FE5-106C0C751C4C}.Debug|iPhoneSimulator.Deploy.0 = Debug|Any CPU
		{2A626170-6A18-4B23-8FE5-106C0C751C4C}.Debug|x86.ActiveCfg = Debug|Any CPU
		{2A626170-6A18-4B23-8FE5-106C0C751C4C}.Debug|x86.Build.0 = Debug|Any CPU
		{2A626170-6A18-4B23-8FE5-106C0C751C4C}.Debug|x86.Deploy.0 = Debug|Any CPU
		{2A626170-6A18-4B23-8FE5-106C0C751C4C}.Release|Any CPU.ActiveCfg = Release|Any CPU
		{2A626170-6A18-4B23-8FE5-106C0C751C4C}.Release|Any CPU.Build.0 = Release|Any CPU
		{2A626170-6A18-4B23-8FE5-106C0C751C4C}.Release|Any CPU.Deploy.0 = Release|Any CPU
		{2A626170-6A18-4B23-8FE5-106C0C751C4C}.Release|iPhone.ActiveCfg = Release|Any CPU
		{2A626170-6A18-4B23-8FE5-106C0C751C4C}.Release|iPhone.Build.0 = Release|Any CPU
		{2A626170-6A18-4B23-8FE5-106C0C751C4C}.Release|iPhone.Deploy.0 = Release|Any CPU
		{2A626170-6A18-4B23-8FE5-106C0C751C4C}.Release|iPhoneSimulator.ActiveCfg = Release|Any CPU
		{2A626170-6A18-4B23-8FE5-106C0C751C4C}.Release|iPhoneSimulator.Build.0 = Release|Any CPU
		{2A626170-6A18-4B23-8FE5-106C0C751C4C}.Release|iPhoneSimulator.Deploy.0 = Release|Any CPU
		{2A626170-6A18-4B23-8FE5-106C0C751C4C}.Release|x86.ActiveCfg = Release|Any CPU
		{2A626170-6A18-4B23-8FE5-106C0C751C4C}.Release|x86.Build.0 = Release|Any CPU
		{2A626170-6A18-4B23-8FE5-106C0C751C4C}.Release|x86.Deploy.0 = Release|Any CPU
		{9C559AC3-35E5-49DC-BF76-0CDEBC0A4568}.Ad-Hoc|Any CPU.ActiveCfg = Ad-Hoc|iPhone
		{9C559AC3-35E5-49DC-BF76-0CDEBC0A4568}.Ad-Hoc|iPhone.ActiveCfg = Ad-Hoc|iPhone
		{9C559AC3-35E5-49DC-BF76-0CDEBC0A4568}.Ad-Hoc|iPhone.Build.0 = Ad-Hoc|iPhone
		{9C559AC3-35E5-49DC-BF76-0CDEBC0A4568}.Ad-Hoc|iPhoneSimulator.ActiveCfg = Ad-Hoc|iPhoneSimulator
		{9C559AC3-35E5-49DC-BF76-0CDEBC0A4568}.Ad-Hoc|iPhoneSimulator.Build.0 = Ad-Hoc|iPhoneSimulator
		{9C559AC3-35E5-49DC-BF76-0CDEBC0A4568}.Ad-Hoc|x86.ActiveCfg = Ad-Hoc|iPhoneSimulator
		{9C559AC3-35E5-49DC-BF76-0CDEBC0A4568}.AppStore|Any CPU.ActiveCfg = AppStore|iPhone
		{9C559AC3-35E5-49DC-BF76-0CDEBC0A4568}.AppStore|iPhone.ActiveCfg = AppStore|iPhone
		{9C559AC3-35E5-49DC-BF76-0CDEBC0A4568}.AppStore|iPhone.Build.0 = AppStore|iPhone
		{9C559AC3-35E5-49DC-BF76-0CDEBC0A4568}.AppStore|iPhoneSimulator.ActiveCfg = AppStore|iPhoneSimulator
		{9C559AC3-35E5-49DC-BF76-0CDEBC0A4568}.AppStore|iPhoneSimulator.Build.0 = AppStore|iPhoneSimulator
		{9C559AC3-35E5-49DC-BF76-0CDEBC0A4568}.AppStore|x86.ActiveCfg = AppStore|iPhoneSimulator
		{9C559AC3-35E5-49DC-BF76-0CDEBC0A4568}.Debug|Any CPU.ActiveCfg = Debug|iPhone
		{9C559AC3-35E5-49DC-BF76-0CDEBC0A4568}.Debug|iPhone.ActiveCfg = Debug|iPhone
		{9C559AC3-35E5-49DC-BF76-0CDEBC0A4568}.Debug|iPhone.Build.0 = Debug|iPhone
		{9C559AC3-35E5-49DC-BF76-0CDEBC0A4568}.Debug|iPhoneSimulator.ActiveCfg = Debug|iPhoneSimulator
		{9C559AC3-35E5-49DC-BF76-0CDEBC0A4568}.Debug|iPhoneSimulator.Build.0 = Debug|iPhoneSimulator
		{9C559AC3-35E5-49DC-BF76-0CDEBC0A4568}.Debug|x86.ActiveCfg = Debug|iPhoneSimulator
		{9C559AC3-35E5-49DC-BF76-0CDEBC0A4568}.Release|Any CPU.ActiveCfg = Release|iPhone
		{9C559AC3-35E5-49DC-BF76-0CDEBC0A4568}.Release|iPhone.ActiveCfg = Release|iPhone
		{9C559AC3-35E5-49DC-BF76-0CDEBC0A4568}.Release|iPhone.Build.0 = Release|iPhone
		{9C559AC3-35E5-49DC-BF76-0CDEBC0A4568}.Release|iPhoneSimulator.ActiveCfg = Release|iPhoneSimulator
		{9C559AC3-35E5-49DC-BF76-0CDEBC0A4568}.Release|iPhoneSimulator.Build.0 = Release|iPhoneSimulator
		{9C559AC3-35E5-49DC-BF76-0CDEBC0A4568}.Release|x86.ActiveCfg = Release|iPhoneSimulator
		{F646F4E2-879C-449D-9CE2-598515C07B58}.Ad-Hoc|Any CPU.ActiveCfg = Release|Any CPU
		{F646F4E2-879C-449D-9CE2-598515C07B58}.Ad-Hoc|Any CPU.Build.0 = Release|Any CPU
		{F646F4E2-879C-449D-9CE2-598515C07B58}.Ad-Hoc|iPhone.ActiveCfg = Release|Any CPU
		{F646F4E2-879C-449D-9CE2-598515C07B58}.Ad-Hoc|iPhone.Build.0 = Release|Any CPU
		{F646F4E2-879C-449D-9CE2-598515C07B58}.Ad-Hoc|iPhoneSimulator.ActiveCfg = Release|Any CPU
		{F646F4E2-879C-449D-9CE2-598515C07B58}.Ad-Hoc|iPhoneSimulator.Build.0 = Release|Any CPU
		{F646F4E2-879C-449D-9CE2-598515C07B58}.Ad-Hoc|x86.ActiveCfg = Release|Any CPU
		{F646F4E2-879C-449D-9CE2-598515C07B58}.Ad-Hoc|x86.Build.0 = Release|Any CPU
		{F646F4E2-879C-449D-9CE2-598515C07B58}.AppStore|Any CPU.ActiveCfg = Release|Any CPU
		{F646F4E2-879C-449D-9CE2-598515C07B58}.AppStore|Any CPU.Build.0 = Release|Any CPU
		{F646F4E2-879C-449D-9CE2-598515C07B58}.AppStore|iPhone.ActiveCfg = Release|Any CPU
		{F646F4E2-879C-449D-9CE2-598515C07B58}.AppStore|iPhone.Build.0 = Release|Any CPU
		{F646F4E2-879C-449D-9CE2-598515C07B58}.AppStore|iPhoneSimulator.ActiveCfg = Release|Any CPU
		{F646F4E2-879C-449D-9CE2-598515C07B58}.AppStore|iPhoneSimulator.Build.0 = Release|Any CPU
		{F646F4E2-879C-449D-9CE2-598515C07B58}.AppStore|x86.ActiveCfg = Release|Any CPU
		{F646F4E2-879C-449D-9CE2-598515C07B58}.AppStore|x86.Build.0 = Release|Any CPU
		{F646F4E2-879C-449D-9CE2-598515C07B58}.Debug|Any CPU.ActiveCfg = Debug|Any CPU
		{F646F4E2-879C-449D-9CE2-598515C07B58}.Debug|Any CPU.Build.0 = Debug|Any CPU
		{F646F4E2-879C-449D-9CE2-598515C07B58}.Debug|iPhone.ActiveCfg = Debug|Any CPU
		{F646F4E2-879C-449D-9CE2-598515C07B58}.Debug|iPhone.Build.0 = Debug|Any CPU
		{F646F4E2-879C-449D-9CE2-598515C07B58}.Debug|iPhoneSimulator.ActiveCfg = Debug|Any CPU
		{F646F4E2-879C-449D-9CE2-598515C07B58}.Debug|iPhoneSimulator.Build.0 = Debug|Any CPU
		{F646F4E2-879C-449D-9CE2-598515C07B58}.Debug|x86.ActiveCfg = Debug|Any CPU
		{F646F4E2-879C-449D-9CE2-598515C07B58}.Debug|x86.Build.0 = Debug|Any CPU
		{F646F4E2-879C-449D-9CE2-598515C07B58}.Release|Any CPU.ActiveCfg = Release|Any CPU
		{F646F4E2-879C-449D-9CE2-598515C07B58}.Release|Any CPU.Build.0 = Release|Any CPU
		{F646F4E2-879C-449D-9CE2-598515C07B58}.Release|iPhone.ActiveCfg = Release|Any CPU
		{F646F4E2-879C-449D-9CE2-598515C07B58}.Release|iPhone.Build.0 = Release|Any CPU
		{F646F4E2-879C-449D-9CE2-598515C07B58}.Release|iPhoneSimulator.ActiveCfg = Release|Any CPU
		{F646F4E2-879C-449D-9CE2-598515C07B58}.Release|iPhoneSimulator.Build.0 = Release|Any CPU
		{F646F4E2-879C-449D-9CE2-598515C07B58}.Release|x86.ActiveCfg = Release|Any CPU
		{F646F4E2-879C-449D-9CE2-598515C07B58}.Release|x86.Build.0 = Release|Any CPU
		{4E446E64-7D33-4D65-9156-D2ADE891E98D}.Ad-Hoc|Any CPU.ActiveCfg = Release|Any CPU
		{4E446E64-7D33-4D65-9156-D2ADE891E98D}.Ad-Hoc|Any CPU.Build.0 = Release|Any CPU
		{4E446E64-7D33-4D65-9156-D2ADE891E98D}.Ad-Hoc|iPhone.ActiveCfg = Release|Any CPU
		{4E446E64-7D33-4D65-9156-D2ADE891E98D}.Ad-Hoc|iPhone.Build.0 = Release|Any CPU
		{4E446E64-7D33-4D65-9156-D2ADE891E98D}.Ad-Hoc|iPhoneSimulator.ActiveCfg = Release|Any CPU
		{4E446E64-7D33-4D65-9156-D2ADE891E98D}.Ad-Hoc|iPhoneSimulator.Build.0 = Release|Any CPU
		{4E446E64-7D33-4D65-9156-D2ADE891E98D}.Ad-Hoc|x86.ActiveCfg = Release|Any CPU
		{4E446E64-7D33-4D65-9156-D2ADE891E98D}.Ad-Hoc|x86.Build.0 = Release|Any CPU
		{4E446E64-7D33-4D65-9156-D2ADE891E98D}.AppStore|Any CPU.ActiveCfg = Release|Any CPU
		{4E446E64-7D33-4D65-9156-D2ADE891E98D}.AppStore|Any CPU.Build.0 = Release|Any CPU
		{4E446E64-7D33-4D65-9156-D2ADE891E98D}.AppStore|iPhone.ActiveCfg = Release|Any CPU
		{4E446E64-7D33-4D65-9156-D2ADE891E98D}.AppStore|iPhone.Build.0 = Release|Any CPU
		{4E446E64-7D33-4D65-9156-D2ADE891E98D}.AppStore|iPhoneSimulator.ActiveCfg = Release|Any CPU
		{4E446E64-7D33-4D65-9156-D2ADE891E98D}.AppStore|iPhoneSimulator.Build.0 = Release|Any CPU
		{4E446E64-7D33-4D65-9156-D2ADE891E98D}.AppStore|x86.ActiveCfg = Release|Any CPU
		{4E446E64-7D33-4D65-9156-D2ADE891E98D}.AppStore|x86.Build.0 = Release|Any CPU
		{4E446E64-7D33-4D65-9156-D2ADE891E98D}.Debug|Any CPU.ActiveCfg = Debug|Any CPU
		{4E446E64-7D33-4D65-9156-D2ADE891E98D}.Debug|Any CPU.Build.0 = Debug|Any CPU
		{4E446E64-7D33-4D65-9156-D2ADE891E98D}.Debug|iPhone.ActiveCfg = Debug|Any CPU
		{4E446E64-7D33-4D65-9156-D2ADE891E98D}.Debug|iPhone.Build.0 = Debug|Any CPU
		{4E446E64-7D33-4D65-9156-D2ADE891E98D}.Debug|iPhoneSimulator.ActiveCfg = Debug|Any CPU
		{4E446E64-7D33-4D65-9156-D2ADE891E98D}.Debug|iPhoneSimulator.Build.0 = Debug|Any CPU
		{4E446E64-7D33-4D65-9156-D2ADE891E98D}.Debug|x86.ActiveCfg = Debug|Any CPU
		{4E446E64-7D33-4D65-9156-D2ADE891E98D}.Debug|x86.Build.0 = Debug|Any CPU
		{4E446E64-7D33-4D65-9156-D2ADE891E98D}.Release|Any CPU.ActiveCfg = Release|Any CPU
		{4E446E64-7D33-4D65-9156-D2ADE891E98D}.Release|Any CPU.Build.0 = Release|Any CPU
		{4E446E64-7D33-4D65-9156-D2ADE891E98D}.Release|iPhone.ActiveCfg = Release|Any CPU
		{4E446E64-7D33-4D65-9156-D2ADE891E98D}.Release|iPhone.Build.0 = Release|Any CPU
		{4E446E64-7D33-4D65-9156-D2ADE891E98D}.Release|iPhoneSimulator.ActiveCfg = Release|Any CPU
		{4E446E64-7D33-4D65-9156-D2ADE891E98D}.Release|iPhoneSimulator.Build.0 = Release|Any CPU
		{4E446E64-7D33-4D65-9156-D2ADE891E98D}.Release|x86.ActiveCfg = Release|Any CPU
		{4E446E64-7D33-4D65-9156-D2ADE891E98D}.Release|x86.Build.0 = Release|Any CPU
		{0C44C4B6-57E5-4306-AEE2-2EDD0FCB9224}.Ad-Hoc|Any CPU.ActiveCfg = Release|Any CPU
		{0C44C4B6-57E5-4306-AEE2-2EDD0FCB9224}.Ad-Hoc|Any CPU.Build.0 = Release|Any CPU
		{0C44C4B6-57E5-4306-AEE2-2EDD0FCB9224}.Ad-Hoc|iPhone.ActiveCfg = Release|Any CPU
		{0C44C4B6-57E5-4306-AEE2-2EDD0FCB9224}.Ad-Hoc|iPhone.Build.0 = Release|Any CPU
		{0C44C4B6-57E5-4306-AEE2-2EDD0FCB9224}.Ad-Hoc|iPhoneSimulator.ActiveCfg = Release|Any CPU
		{0C44C4B6-57E5-4306-AEE2-2EDD0FCB9224}.Ad-Hoc|iPhoneSimulator.Build.0 = Release|Any CPU
		{0C44C4B6-57E5-4306-AEE2-2EDD0FCB9224}.Ad-Hoc|x86.ActiveCfg = Release|Any CPU
		{0C44C4B6-57E5-4306-AEE2-2EDD0FCB9224}.Ad-Hoc|x86.Build.0 = Release|Any CPU
		{0C44C4B6-57E5-4306-AEE2-2EDD0FCB9224}.AppStore|Any CPU.ActiveCfg = Release|Any CPU
		{0C44C4B6-57E5-4306-AEE2-2EDD0FCB9224}.AppStore|Any CPU.Build.0 = Release|Any CPU
		{0C44C4B6-57E5-4306-AEE2-2EDD0FCB9224}.AppStore|iPhone.ActiveCfg = Release|Any CPU
		{0C44C4B6-57E5-4306-AEE2-2EDD0FCB9224}.AppStore|iPhone.Build.0 = Release|Any CPU
		{0C44C4B6-57E5-4306-AEE2-2EDD0FCB9224}.AppStore|iPhoneSimulator.ActiveCfg = Release|Any CPU
		{0C44C4B6-57E5-4306-AEE2-2EDD0FCB9224}.AppStore|iPhoneSimulator.Build.0 = Release|Any CPU
		{0C44C4B6-57E5-4306-AEE2-2EDD0FCB9224}.AppStore|x86.ActiveCfg = Release|Any CPU
		{0C44C4B6-57E5-4306-AEE2-2EDD0FCB9224}.AppStore|x86.Build.0 = Release|Any CPU
		{0C44C4B6-57E5-4306-AEE2-2EDD0FCB9224}.Debug|Any CPU.ActiveCfg = Debug|Any CPU
		{0C44C4B6-57E5-4306-AEE2-2EDD0FCB9224}.Debug|Any CPU.Build.0 = Debug|Any CPU
		{0C44C4B6-57E5-4306-AEE2-2EDD0FCB9224}.Debug|iPhone.ActiveCfg = Debug|Any CPU
		{0C44C4B6-57E5-4306-AEE2-2EDD0FCB9224}.Debug|iPhone.Build.0 = Debug|Any CPU
		{0C44C4B6-57E5-4306-AEE2-2EDD0FCB9224}.Debug|iPhoneSimulator.ActiveCfg = Debug|Any CPU
		{0C44C4B6-57E5-4306-AEE2-2EDD0FCB9224}.Debug|iPhoneSimulator.Build.0 = Debug|Any CPU
		{0C44C4B6-57E5-4306-AEE2-2EDD0FCB9224}.Debug|x86.ActiveCfg = Debug|Any CPU
		{0C44C4B6-57E5-4306-AEE2-2EDD0FCB9224}.Debug|x86.Build.0 = Debug|Any CPU
		{0C44C4B6-57E5-4306-AEE2-2EDD0FCB9224}.Release|Any CPU.ActiveCfg = Release|Any CPU
		{0C44C4B6-57E5-4306-AEE2-2EDD0FCB9224}.Release|Any CPU.Build.0 = Release|Any CPU
		{0C44C4B6-57E5-4306-AEE2-2EDD0FCB9224}.Release|iPhone.ActiveCfg = Release|Any CPU
		{0C44C4B6-57E5-4306-AEE2-2EDD0FCB9224}.Release|iPhone.Build.0 = Release|Any CPU
		{0C44C4B6-57E5-4306-AEE2-2EDD0FCB9224}.Release|iPhoneSimulator.ActiveCfg = Release|Any CPU
		{0C44C4B6-57E5-4306-AEE2-2EDD0FCB9224}.Release|iPhoneSimulator.Build.0 = Release|Any CPU
		{0C44C4B6-57E5-4306-AEE2-2EDD0FCB9224}.Release|x86.ActiveCfg = Release|Any CPU
		{0C44C4B6-57E5-4306-AEE2-2EDD0FCB9224}.Release|x86.Build.0 = Release|Any CPU
	EndGlobalSection
	GlobalSection(SolutionProperties) = preSolution
		HideSolutionNode = FALSE
	EndGlobalSection
EndGlobal
